// !$*UTF8*$!
{
	archiveVersion = 1;
	classes = {
	};
	objectVersion = 48;
	objects = {

/* Begin PBXBuildFile section */
		742F99DF205F5B460074F73C /* AppDelegate.swift in Sources */ = {isa = PBXBuildFile; fileRef = 742F99DE205F5B460074F73C /* AppDelegate.swift */; };
		742F99E1205F5B460074F73C /* ImagePickerController.swift in Sources */ = {isa = PBXBuildFile; fileRef = 742F99E0205F5B460074F73C /* ImagePickerController.swift */; };
		742F99E4205F5B460074F73C /* Main.storyboard in Resources */ = {isa = PBXBuildFile; fileRef = 742F99E2205F5B460074F73C /* Main.storyboard */; };
		742F99E6205F5B460074F73C /* Assets.xcassets in Resources */ = {isa = PBXBuildFile; fileRef = 742F99E5205F5B460074F73C /* Assets.xcassets */; };
		742F99E9205F5B460074F73C /* LaunchScreen.storyboard in Resources */ = {isa = PBXBuildFile; fileRef = 742F99E7205F5B460074F73C /* LaunchScreen.storyboard */; };
		742F99F1205F611F0074F73C /* AlbumPickerView.swift in Sources */ = {isa = PBXBuildFile; fileRef = 742F99F0205F611F0074F73C /* AlbumPickerView.swift */; };
		742F99F3205F62A80074F73C /* AlbumCollectionViewCell.swift in Sources */ = {isa = PBXBuildFile; fileRef = 742F99F2205F62A80074F73C /* AlbumCollectionViewCell.swift */; };
		742F99F5205F658A0074F73C /* ImagePickerProtocols.swift in Sources */ = {isa = PBXBuildFile; fileRef = 742F99F4205F658A0074F73C /* ImagePickerProtocols.swift */; };
		742F99F7205F661F0074F73C /* CurrentAlbumHelper.swift in Sources */ = {isa = PBXBuildFile; fileRef = 742F99F6205F661F0074F73C /* CurrentAlbumHelper.swift */; };
/* End PBXBuildFile section */

/* Begin PBXFileReference section */
		742F99DB205F5B460074F73C /* CustomImagePicker.app */ = {isa = PBXFileReference; explicitFileType = wrapper.application; includeInIndex = 0; path = CustomImagePicker.app; sourceTree = BUILT_PRODUCTS_DIR; };
		742F99DE205F5B460074F73C /* AppDelegate.swift */ = {isa = PBXFileReference; lastKnownFileType = sourcecode.swift; path = AppDelegate.swift; sourceTree = "<group>"; };
		742F99E0205F5B460074F73C /* ImagePickerController.swift */ = {isa = PBXFileReference; lastKnownFileType = sourcecode.swift; path = ImagePickerController.swift; sourceTree = "<group>"; };
		742F99E3205F5B460074F73C /* Base */ = {isa = PBXFileReference; lastKnownFileType = file.storyboard; name = Base; path = Base.lproj/Main.storyboard; sourceTree = "<group>"; };
		742F99E5205F5B460074F73C /* Assets.xcassets */ = {isa = PBXFileReference; lastKnownFileType = folder.assetcatalog; path = Assets.xcassets; sourceTree = "<group>"; };
		742F99E8205F5B460074F73C /* Base */ = {isa = PBXFileReference; lastKnownFileType = file.storyboard; name = Base; path = Base.lproj/LaunchScreen.storyboard; sourceTree = "<group>"; };
		742F99EA205F5B460074F73C /* Info.plist */ = {isa = PBXFileReference; lastKnownFileType = text.plist.xml; path = Info.plist; sourceTree = "<group>"; };
		742F99F0205F611F0074F73C /* AlbumPickerView.swift */ = {isa = PBXFileReference; lastKnownFileType = sourcecode.swift; path = AlbumPickerView.swift; sourceTree = "<group>"; };
		742F99F2205F62A80074F73C /* AlbumCollectionViewCell.swift */ = {isa = PBXFileReference; lastKnownFileType = sourcecode.swift; path = AlbumCollectionViewCell.swift; sourceTree = "<group>"; };
		742F99F4205F658A0074F73C /* ImagePickerProtocols.swift */ = {isa = PBXFileReference; lastKnownFileType = sourcecode.swift; path = ImagePickerProtocols.swift; sourceTree = "<group>"; };
		742F99F6205F661F0074F73C /* CurrentAlbumHelper.swift */ = {isa = PBXFileReference; lastKnownFileType = sourcecode.swift; path = CurrentAlbumHelper.swift; sourceTree = "<group>"; };
/* End PBXFileReference section */

/* Begin PBXFrameworksBuildPhase section */
		742F99D8205F5B460074F73C /* Frameworks */ = {
			isa = PBXFrameworksBuildPhase;
			buildActionMask = 2147483647;
			files = (
			);
			runOnlyForDeploymentPostprocessing = 0;
		};
/* End PBXFrameworksBuildPhase section */

/* Begin PBXGroup section */
		742F99D2205F5B460074F73C = {
			isa = PBXGroup;
			children = (
				742F99DD205F5B460074F73C /* CustomImagePicker */,
				742F99DC205F5B460074F73C /* Products */,
			);
			sourceTree = "<group>";
		};
		742F99DC205F5B460074F73C /* Products */ = {
			isa = PBXGroup;
			children = (
				742F99DB205F5B460074F73C /* CustomImagePicker.app */,
			);
			name = Products;
			sourceTree = "<group>";
		};
		742F99DD205F5B460074F73C /* CustomImagePicker */ = {
			isa = PBXGroup;
			children = (
				742F99DE205F5B460074F73C /* AppDelegate.swift */,
				742F99F4205F658A0074F73C /* ImagePickerProtocols.swift */,
				742F99E0205F5B460074F73C /* ImagePickerController.swift */,
				742F99F6205F661F0074F73C /* CurrentAlbumHelper.swift */,
				742F99F0205F611F0074F73C /* AlbumPickerView.swift */,
				742F99F2205F62A80074F73C /* AlbumCollectionViewCell.swift */,
				742F99E2205F5B460074F73C /* Main.storyboard */,
				742F99E5205F5B460074F73C /* Assets.xcassets */,
				742F99E7205F5B460074F73C /* LaunchScreen.storyboard */,
				742F99EA205F5B460074F73C /* Info.plist */,
			);
			path = CustomImagePicker;
			sourceTree = "<group>";
		};
/* End PBXGroup section */

/* Begin PBXNativeTarget section */
		742F99DA205F5B460074F73C /* CustomImagePicker */ = {
			isa = PBXNativeTarget;
			buildConfigurationList = 742F99ED205F5B460074F73C /* Build configuration list for PBXNativeTarget "CustomImagePicker" */;
			buildPhases = (
				742F99D7205F5B460074F73C /* Sources */,
				742F99D8205F5B460074F73C /* Frameworks */,
				742F99D9205F5B460074F73C /* Resources */,
			);
			buildRules = (
			);
			dependencies = (
			);
			name = CustomImagePicker;
			productName = CustomImagePicker;
			productReference = 742F99DB205F5B460074F73C /* CustomImagePicker.app */;
			productType = "com.apple.product-type.application";
		};
/* End PBXNativeTarget section */

/* Begin PBXProject section */
		742F99D3205F5B460074F73C /* Project object */ = {
			isa = PBXProject;
			attributes = {
				LastSwiftUpdateCheck = 0920;
				LastUpgradeCheck = 0920;
				ORGANIZATIONNAME = james;
				TargetAttributes = {
					742F99DA205F5B460074F73C = {
						CreatedOnToolsVersion = 9.2;
						ProvisioningStyle = Automatic;
					};
				};
			};
			buildConfigurationList = 742F99D6205F5B460074F73C /* Build configuration list for PBXProject "CustomImagePicker" */;
			compatibilityVersion = "Xcode 8.0";
			developmentRegion = en;
			hasScannedForEncodings = 0;
			knownRegions = (
				en,
				Base,
			);
			mainGroup = 742F99D2205F5B460074F73C;
			productRefGroup = 742F99DC205F5B460074F73C /* Products */;
			projectDirPath = "";
			projectRoot = "";
			targets = (
				742F99DA205F5B460074F73C /* CustomImagePicker */,
			);
		};
/* End PBXProject section */

/* Begin PBXResourcesBuildPhase section */
		742F99D9205F5B460074F73C /* Resources */ = {
			isa = PBXResourcesBuildPhase;
			buildActionMask = 2147483647;
			files = (
				742F99E9205F5B460074F73C /* LaunchScreen.storyboard in Resources */,
				742F99E6205F5B460074F73C /* Assets.xcassets in Resources */,
				742F99E4205F5B460074F73C /* Main.storyboard in Resources */,
			);
			runOnlyForDeploymentPostprocessing = 0;
		};
/* End PBXResourcesBuildPhase section */

/* Begin PBXSourcesBuildPhase section */
		742F99D7205F5B460074F73C /* Sources */ = {
			isa = PBXSourcesBuildPhase;
			buildActionMask = 2147483647;
			files = (
				742F99F3205F62A80074F73C /* AlbumCollectionViewCell.swift in Sources */,
				742F99F7205F661F0074F73C /* CurrentAlbumHelper.swift in Sources */,
				742F99E1205F5B460074F73C /* ImagePickerController.swift in Sources */,
				742F99F1205F611F0074F73C /* AlbumPickerView.swift in Sources */,
				742F99F5205F658A0074F73C /* ImagePickerProtocols.swift in Sources */,
				742F99DF205F5B460074F73C /* AppDelegate.swift in Sources */,
			);
			runOnlyForDeploymentPostprocessing = 0;
		};
/* End PBXSourcesBuildPhase section */

/* Begin PBXVariantGroup section */
		742F99E2205F5B460074F73C /* Main.storyboard */ = {
			isa = PBXVariantGroup;
			children = (
				742F99E3205F5B460074F73C /* Base */,
			);
			name = Main.storyboard;
			sourceTree = "<group>";
		};
		742F99E7205F5B460074F73C /* LaunchScreen.storyboard */ = {
			isa = PBXVariantGroup;
			children = (
				742F99E8205F5B460074F73C /* Base */,
			);
			name = LaunchScreen.storyboard;
			sourceTree = "<group>";
		};
/* End PBXVariantGroup section */

/* Begin XCBuildConfiguration section */
		742F99EB205F5B460074F73C /* Debug */ = {
			isa = XCBuildConfiguration;
			buildSettings = {
				ALWAYS_SEARCH_USER_PATHS = NO;
				CLANG_ANALYZER_NONNULL = YES;
				CLANG_ANALYZER_NUMBER_OBJECT_CONVERSION = YES_AGGRESSIVE;
				CLANG_CXX_LANGUAGE_STANDARD = "gnu++14";
				CLANG_CXX_LIBRARY = "libc++";
				CLANG_ENABLE_MODULES = YES;
				CLANG_ENABLE_OBJC_ARC = YES;
				CLANG_WARN_BLOCK_CAPTURE_AUTORELEASING = YES;
				CLANG_WARN_BOOL_CONVERSION = YES;
				CLANG_WARN_COMMA = YES;
				CLANG_WARN_CONSTANT_CONVERSION = YES;
				CLANG_WARN_DIRECT_OBJC_ISA_USAGE = YES_ERROR;
				CLANG_WARN_DOCUMENTATION_COMMENTS = YES;
				CLANG_WARN_EMPTY_BODY = YES;
				CLANG_WARN_ENUM_CONVERSION = YES;
				CLANG_WARN_INFINITE_RECURSION = YES;
				CLANG_WARN_INT_CONVERSION = YES;
				CLANG_WARN_NON_LITERAL_NULL_CONVERSION = YES;
				CLANG_WARN_OBJC_LITERAL_CONVERSION = YES;
				CLANG_WARN_OBJC_ROOT_CLASS = YES_ERROR;
				CLANG_WARN_RANGE_LOOP_ANALYSIS = YES;
				CLANG_WARN_STRICT_PROTOTYPES = YES;
				CLANG_WARN_SUSPICIOUS_MOVE = YES;
				CLANG_WARN_UNGUARDED_AVAILABILITY = YES_AGGRESSIVE;
				CLANG_WARN_UNREACHABLE_CODE = YES;
				CLANG_WARN__DUPLICATE_METHOD_MATCH = YES;
				CODE_SIGN_IDENTITY = "iPhone Developer";
				COPY_PHASE_STRIP = NO;
				DEBUG_INFORMATION_FORMAT = dwarf;
				ENABLE_STRICT_OBJC_MSGSEND = YES;
				ENABLE_TESTABILITY = YES;
				GCC_C_LANGUAGE_STANDARD = gnu11;
				GCC_DYNAMIC_NO_PIC = NO;
				GCC_NO_COMMON_BLOCKS = YES;
				GCC_OPTIMIZATION_LEVEL = 0;
				GCC_PREPROCESSOR_DEFINITIONS = (
					"DEBUG=1",
					"$(inherited)",
				);
				GCC_WARN_64_TO_32_BIT_CONVERSION = YES;
				GCC_WARN_ABOUT_RETURN_TYPE = YES_ERROR;
				GCC_WARN_UNDECLARED_SELECTOR = YES;
				GCC_WARN_UNINITIALIZED_AUTOS = YES_AGGRESSIVE;
				GCC_WARN_UNUSED_FUNCTION = YES;
				GCC_WARN_UNUSED_VARIABLE = YES;
				IPHONEOS_DEPLOYMENT_TARGET = 11.2;
				MTL_ENABLE_DEBUG_INFO = YES;
				ONLY_ACTIVE_ARCH = YES;
				SDKROOT = iphoneos;
				SWIFT_ACTIVE_COMPILATION_CONDITIONS = DEBUG;
				SWIFT_OPTIMIZATION_LEVEL = "-Onone";
			};
			name = Debug;
		};
		742F99EC205F5B460074F73C /* Release */ = {
			isa = XCBuildConfiguration;
			buildSettings = {
				ALWAYS_SEARCH_USER_PATHS = NO;
				CLANG_ANALYZER_NONNULL = YES;
				CLANG_ANALYZER_NUMBER_OBJECT_CONVERSION = YES_AGGRESSIVE;
				CLANG_CXX_LANGUAGE_STANDARD = "gnu++14";
				CLANG_CXX_LIBRARY = "libc++";
				CLANG_ENABLE_MODULES = YES;
				CLANG_ENABLE_OBJC_ARC = YES;
				CLANG_WARN_BLOCK_CAPTURE_AUTORELEASING = YES;
				CLANG_WARN_BOOL_CONVERSION = YES;
				CLANG_WARN_COMMA = YES;
				CLANG_WARN_CONSTANT_CONVERSION = YES;
				CLANG_WARN_DIRECT_OBJC_ISA_USAGE = YES_ERROR;
				CLANG_WARN_DOCUMENTATION_COMMENTS = YES;
				CLANG_WARN_EMPTY_BODY = YES;
				CLANG_WARN_ENUM_CONVERSION = YES;
				CLANG_WARN_INFINITE_RECURSION = YES;
				CLANG_WARN_INT_CONVERSION = YES;
				CLANG_WARN_NON_LITERAL_NULL_CONVERSION = YES;
				CLANG_WARN_OBJC_LITERAL_CONVERSION = YES;
				CLANG_WARN_OBJC_ROOT_CLASS = YES_ERROR;
				CLANG_WARN_RANGE_LOOP_ANALYSIS = YES;
				CLANG_WARN_STRICT_PROTOTYPES = YES;
				CLANG_WARN_SUSPICIOUS_MOVE = YES;
				CLANG_WARN_UNGUARDED_AVAILABILITY = YES_AGGRESSIVE;
				CLANG_WARN_UNREACHABLE_CODE = YES;
				CLANG_WARN__DUPLICATE_METHOD_MATCH = YES;
				CODE_SIGN_IDENTITY = "iPhone Developer";
				COPY_PHASE_STRIP = NO;
				DEBUG_INFORMATION_FORMAT = "dwarf-with-dsym";
				ENABLE_NS_ASSERTIONS = NO;
				ENABLE_STRICT_OBJC_MSGSEND = YES;
				GCC_C_LANGUAGE_STANDARD = gnu11;
				GCC_NO_COMMON_BLOCKS = YES;
				GCC_WARN_64_TO_32_BIT_CONVERSION = YES;
				GCC_WARN_ABOUT_RETURN_TYPE = YES_ERROR;
				GCC_WARN_UNDECLARED_SELECTOR = YES;
				GCC_WARN_UNINITIALIZED_AUTOS = YES_AGGRESSIVE;
				GCC_WARN_UNUSED_FUNCTION = YES;
				GCC_WARN_UNUSED_VARIABLE = YES;
				IPHONEOS_DEPLOYMENT_TARGET = 11.2;
				MTL_ENABLE_DEBUG_INFO = NO;
				SDKROOT = iphoneos;
				SWIFT_OPTIMIZATION_LEVEL = "-Owholemodule";
				VALIDATE_PRODUCT = YES;
			};
			name = Release;
		};
		742F99EE205F5B460074F73C /* Debug */ = {
			isa = XCBuildConfiguration;
			buildSettings = {
				ASSETCATALOG_COMPILER_APPICON_NAME = AppIcon;
				CODE_SIGN_STYLE = Automatic;
				DEVELOPMENT_TEAM = 86R4D6VBCN;
				INFOPLIST_FILE = CustomImagePicker/Info.plist;
				LD_RUNPATH_SEARCH_PATHS = "$(inherited) @executable_path/Frameworks";
				PRODUCT_BUNDLE_IDENTIFIER = com.jameslim.CustomImagePicker;
				PRODUCT_NAME = "$(TARGET_NAME)";
				SWIFT_VERSION = 4.0;
				TARGETED_DEVICE_FAMILY = "1,2";
			};
			name = Debug;
		};
		742F99EF205F5B460074F73C /* Release */ = {
			isa = XCBuildConfiguration;
			buildSettings = {
				ASSETCATALOG_COMPILER_APPICON_NAME = AppIcon;
				CODE_SIGN_STYLE = Automatic;
				DEVELOPMENT_TEAM = 86R4D6VBCN;
				INFOPLIST_FILE = CustomImagePicker/Info.plist;
				LD_RUNPATH_SEARCH_PATHS = "$(inherited) @executable_path/Frameworks";
				PRODUCT_BUNDLE_IDENTIFIER = com.jameslim.CustomImagePicker;
				PRODUCT_NAME = "$(TARGET_NAME)";
				SWIFT_VERSION = 4.0;
				TARGETED_DEVICE_FAMILY = "1,2";
			};
			name = Release;
		};
/* End XCBuildConfiguration section */

/* Begin XCConfigurationList section */
		742F99D6205F5B460074F73C /* Build configuration list for PBXProject "CustomImagePicker" */ = {
			isa = XCConfigurationList;
			buildConfigurations = (
				742F99EB205F5B460074F73C /* Debug */,
				742F99EC205F5B460074F73C /* Release */,
			);
			defaultConfigurationIsVisible = 0;
			defaultConfigurationName = Release;
		};
		742F99ED205F5B460074F73C /* Build configuration list for PBXNativeTarget "CustomImagePicker" */ = {
			isa = XCConfigurationList;
			buildConfigurations = (
				742F99EE205F5B460074F73C /* Debug */,
				742F99EF205F5B460074F73C /* Release */,
			);
			defaultConfigurationIsVisible = 0;
			defaultConfigurationName = Release;
		};
/* End XCConfigurationList section */
	};
	rootObject = 742F99D3205F5B460074F73C /* Project object */;
}
